
Microsoft Visual Studio Solution File, Format Version 12.00
# Visual Studio Version 17
VisualStudioVersion = 17.0.32126.317
MinimumVisualStudioVersion = 10.0.40219.1
Project("{FAE04EC0-301F-11D3-BF4B-00C04F79EFBC}") = "RecursiveIteration", "RecursiveIteration\RecursiveIteration.csproj", "{36F8B96F-6CC2-4475-81C6-11D1E8726469}"
EndProject
Global
	GlobalSection(SolutionConfigurationPlatforms) = preSolution
		Debug|Any CPU = Debug|Any CPU
		Release|Any CPU = Release|Any CPU
	EndGlobalSection
	GlobalSection(ProjectConfigurationPlatforms) = postSolution
		{36F8B96F-6CC2-4475-81C6-11D1E8726469}.Debug|Any CPU.ActiveCfg = Debug|Any CPU
		{36F8B96F-6CC2-4475-81C6-11D1E8726469}.Debug|Any CPU.Build.0 = Debug|Any CPU
		{36F8B96F-6CC2-4475-81C6-11D1E8726469}.Release|Any CPU.ActiveCfg = Release|Any CPU
		{36F8B96F-6CC2-4475-81C6-11D1E8726469}.Release|Any CPU.Build.0 = Release|Any CPU
	EndGlobalSection
	GlobalSection(SolutionProperties) = preSolution
		HideSolutionNode = FALSE
	EndGlobalSection
	GlobalSection(ExtensibilityGlobals) = postSolution
		SolutionGuid = {CED4F075-18A3-4049-BE03-88897C1EDB2C}
	EndGlobalSection
EndGlobal
